
Microsoft Visual Studio Solution File, Format Version 12.00
# Visual Studio Version 17
VisualStudioVersion = 17.10.34928.147
MinimumVisualStudioVersion = 10.0.40219.1
Project("{FAE04EC0-301F-11D3-BF4B-00C04F79EFBC}") = "OOP 02", "OOP 02\OOP 02.csproj", "{39BA71E2-F992-44FD-927E-CCDCB0D76DFF}"
EndProject
Project("{FAE04EC0-301F-11D3-BF4B-00C04F79EFBC}") = "Assignment_02", "Assignment_02\Assignment_02.csproj", "{52F69346-F6BE-4778-8CE2-BA229F7EC186}"
EndProject
Global
	GlobalSection(SolutionConfigurationPlatforms) = preSolution
		Debug|Any CPU = Debug|Any CPU
		Release|Any CPU = Release|Any CPU
	EndGlobalSection
	GlobalSection(ProjectConfigurationPlatforms) = postSolution
		{39BA71E2-F992-44FD-927E-CCDCB0D76DFF}.Debug|Any CPU.ActiveCfg = Debug|Any CPU
		{39BA71E2-F992-44FD-927E-CCDCB0D76DFF}.Debug|Any CPU.Build.0 = Debug|Any CPU
		{39BA71E2-F992-44FD-927E-CCDCB0D76DFF}.Release|Any CPU.ActiveCfg = Release|Any CPU
		{39BA71E2-F992-44FD-927E-CCDCB0D76DFF}.Release|Any CPU.Build.0 = Release|Any CPU
		{52F69346-F6BE-4778-8CE2-BA229F7EC186}.Debug|Any CPU.ActiveCfg = Debug|Any CPU
		{52F69346-F6BE-4778-8CE2-BA229F7EC186}.Debug|Any CPU.Build.0 = Debug|Any CPU
		{52F69346-F6BE-4778-8CE2-BA229F7EC186}.Release|Any CPU.ActiveCfg = Release|Any CPU
		{52F69346-F6BE-4778-8CE2-BA229F7EC186}.Release|Any CPU.Build.0 = Release|Any CPU
	EndGlobalSection
	GlobalSection(SolutionProperties) = preSolution
		HideSolutionNode = FALSE
	EndGlobalSection
	GlobalSection(ExtensibilityGlobals) = postSolution
		SolutionGuid = {B7B89506-CC76-422F-866C-B79B8CEF7ED3}
	EndGlobalSection
EndGlobal
